<?xml version="1.0" encoding="utf-8"?>
<Project ToolsVersion="4.0" xmlns="http://schemas.microsoft.com/developer/msbuild/2003">
  <ItemGroup>
    <Filter Include="Source">
      <UniqueIdentifier>{d03f5210-e663-43d2-a0c4-632df7da2c30}</UniqueIdentifier>
    </Filter>
    <Filter Include="Include">
      <UniqueIdentifier>{2dd73241-6198-4ac5-b047-e8ac8a42168b}</UniqueIdentifier>
    </Filter>
  </ItemGroup>
  <ItemGroup>
    <ClInclude Include="..\..\Include\tesselator.h">
      <Filter>Include</Filter>
    </ClInclude>
    <ClInclude Include="..\..\Source\bucketalloc.h">
      <Filter>Source</Filter>
    </ClInclude>
    <ClInclude Include="..\..\Source\dict.h">
      <Filter>Source</Filter>
    </ClInclude>
    <ClInclude Include="..\..\Source\geom.h">
      <Filter>Source</Filter>
    </ClInclude>
    <ClInclude Include="..\..\Source\mesh.h">
      <Filter>Source</Filter>
    </ClInclude>
    <ClInclude Include="..\..\Source\priorityq.h">
      <Filter>Source</Filter>
    </ClInclude>
    <ClInclude Include="..\..\Source\sweep.h">
      <Filter>Source</Filter>
    </ClInclude>
    <ClInclude Include="..\..\Source\tess.h">
      <Filter>Source</Filter>
    </ClInclude>
  </ItemGroup>
  <ItemGroup>
    <ClCompile Include="..\..\Source\bucketalloc.c">
      <Filter>Source</Filter>
    </ClCompile>
    <ClCompile Include="..\..\Source\dict.c">
      <Filter>Source</Filter>
    </ClCompile>
    <ClCompile Include="..\..\Source\geom.c">
      <Filter>Source</Filter>
    </ClCompile>
    <ClCompile Include="..\..\Source\mesh.c">
      <Filter>Source</Filter>
    </ClCompile>
    <ClCompile Include="..\..\Source\priorityq.c">
      <Filter>Source</Filter>
    </ClCompile>
    <ClCompile Include="..\..\Source\sweep.c">
      <Filter>Source</Filter>
    </ClCompile>
    <ClCompile Include="..\..\Source\tess.c">
      <Filter>Source</Filter>
    </ClCompile>
  </ItemGroup>
</Project>